
Microsoft Visual Studio Solution File, Format Version 12.00
# Visual Studio 14
VisualStudioVersion = 14.0.25420.1
MinimumVisualStudioVersion = 10.0.40219.1
Project("{FAE04EC0-301F-11D3-BF4B-00C04F79EFBC}") = "Webjet.Movies.API", "Webjet.Movies.API\Webjet.Movies.API.csproj", "{EDA8047A-1E55-4117-AC1F-96A09E856FA0}"
EndProject
Project("{2150E333-8FDC-42A3-9474-1A3956D46DE8}") = "Web", "Web", "{94C3B115-3B2A-467B-ADE4-1B8EBD4129C7}"
EndProject
Project("{FAE04EC0-301F-11D3-BF4B-00C04F79EFBC}") = "Webjet.Movies.Web", "Webjet.Movies.Web\Webjet.Movies.Web.csproj", "{6390B2AD-30EB-4CA6-B3D3-520613D4B1D0}"
EndProject
Project("{2150E333-8FDC-42A3-9474-1A3956D46DE8}") = "Domain", "Domain", "{2E4F7BCB-FA0B-477C-96D8-07758146460B}"
EndProject
Project("{2150E333-8FDC-42A3-9474-1A3956D46DE8}") = "Infra", "Infra", "{E53CEFA4-9697-40C5-8E48-13C93431D9D2}"
EndProject
Project("{2150E333-8FDC-42A3-9474-1A3956D46DE8}") = "Crosscutting", "Crosscutting", "{41BCF40C-51A9-4FD3-89E4-2EA9C8C35D76}"
EndProject
Project("{2150E333-8FDC-42A3-9474-1A3956D46DE8}") = "Data", "Data", "{7D1B4E2E-9214-42AB-B196-AAA30CA2A5E8}"
EndProject
Project("{FAE04EC0-301F-11D3-BF4B-00C04F79EFBC}") = "Webjet.Movies.Domain", "Webjet.Movies.Domain\Webjet.Movies.Domain.csproj", "{60D657FE-62D8-4554-B2E9-CB952FFF71CA}"
EndProject
Project("{FAE04EC0-301F-11D3-BF4B-00C04F79EFBC}") = "Webjet.Movies.Services", "Webjet.Movies.Services\Webjet.Movies.Services.csproj", "{A1D66E75-E113-4E9A-8EBD-388B01CF7422}"
EndProject
Project("{FAE04EC0-301F-11D3-BF4B-00C04F79EFBC}") = "Webjet.Movies.IoC", "Webjet.Movies.IoC\Webjet.Movies.IoC.csproj", "{86B0578E-A8E0-483A-86B1-311E015CCE52}"
EndProject
Project("{FAE04EC0-301F-11D3-BF4B-00C04F79EFBC}") = "Webjet.Movies.Utils", "Webjet.Movies.Utils\Webjet.Movies.Utils.csproj", "{9A4C62ED-2E5B-45E8-9E06-13DE7626FCC0}"
EndProject
Project("{FAE04EC0-301F-11D3-BF4B-00C04F79EFBC}") = "Webjet.Movies.Repository", "Webjet.Movies.Repository\Webjet.Movies.Repository.csproj", "{286BF374-4C1D-45B1-A9A7-E14B801C8505}"
EndProject
Project("{2150E333-8FDC-42A3-9474-1A3956D46DE8}") = "Tests", "Tests", "{7F01A1F2-9D83-43A7-BCB0-49BAD4C1B409}"
EndProject
Project("{FAE04EC0-301F-11D3-BF4B-00C04F79EFBC}") = "Webjet.Movies.Tests", "Webjet.Movies.Tests\Webjet.Movies.Tests.csproj", "{DCF1152B-85B8-4C37-9F97-92EDB2738098}"
EndProject
Global
	GlobalSection(SolutionConfigurationPlatforms) = preSolution
		Debug|Any CPU = Debug|Any CPU
		Release|Any CPU = Release|Any CPU
	EndGlobalSection
	GlobalSection(ProjectConfigurationPlatforms) = postSolution
		{EDA8047A-1E55-4117-AC1F-96A09E856FA0}.Debug|Any CPU.ActiveCfg = Debug|Any CPU
		{EDA8047A-1E55-4117-AC1F-96A09E856FA0}.Debug|Any CPU.Build.0 = Debug|Any CPU
		{EDA8047A-1E55-4117-AC1F-96A09E856FA0}.Release|Any CPU.ActiveCfg = Release|Any CPU
		{EDA8047A-1E55-4117-AC1F-96A09E856FA0}.Release|Any CPU.Build.0 = Release|Any CPU
		{6390B2AD-30EB-4CA6-B3D3-520613D4B1D0}.Debug|Any CPU.ActiveCfg = Debug|Any CPU
		{6390B2AD-30EB-4CA6-B3D3-520613D4B1D0}.Debug|Any CPU.Build.0 = Debug|Any CPU
		{6390B2AD-30EB-4CA6-B3D3-520613D4B1D0}.Release|Any CPU.ActiveCfg = Release|Any CPU
		{6390B2AD-30EB-4CA6-B3D3-520613D4B1D0}.Release|Any CPU.Build.0 = Release|Any CPU
		{60D657FE-62D8-4554-B2E9-CB952FFF71CA}.Debug|Any CPU.ActiveCfg = Debug|Any CPU
		{60D657FE-62D8-4554-B2E9-CB952FFF71CA}.Debug|Any CPU.Build.0 = Debug|Any CPU
		{60D657FE-62D8-4554-B2E9-CB952FFF71CA}.Release|Any CPU.ActiveCfg = Release|Any CPU
		{60D657FE-62D8-4554-B2E9-CB952FFF71CA}.Release|Any CPU.Build.0 = Release|Any CPU
		{A1D66E75-E113-4E9A-8EBD-388B01CF7422}.Debug|Any CPU.ActiveCfg = Debug|Any CPU
		{A1D66E75-E113-4E9A-8EBD-388B01CF7422}.Debug|Any CPU.Build.0 = Debug|Any CPU
		{A1D66E75-E113-4E9A-8EBD-388B01CF7422}.Release|Any CPU.ActiveCfg = Release|Any CPU
		{A1D66E75-E113-4E9A-8EBD-388B01CF7422}.Release|Any CPU.Build.0 = Release|Any CPU
		{86B0578E-A8E0-483A-86B1-311E015CCE52}.Debug|Any CPU.ActiveCfg = Debug|Any CPU
		{86B0578E-A8E0-483A-86B1-311E015CCE52}.Debug|Any CPU.Build.0 = Debug|Any CPU
		{86B0578E-A8E0-483A-86B1-311E015CCE52}.Release|Any CPU.ActiveCfg = Release|Any CPU
		{86B0578E-A8E0-483A-86B1-311E015CCE52}.Release|Any CPU.Build.0 = Release|Any CPU
		{9A4C62ED-2E5B-45E8-9E06-13DE7626FCC0}.Debug|Any CPU.ActiveCfg = Debug|Any CPU
		{9A4C62ED-2E5B-45E8-9E06-13DE7626FCC0}.Debug|Any CPU.Build.0 = Debug|Any CPU
		{9A4C62ED-2E5B-45E8-9E06-13DE7626FCC0}.Release|Any CPU.ActiveCfg = Release|Any CPU
		{9A4C62ED-2E5B-45E8-9E06-13DE7626FCC0}.Release|Any CPU.Build.0 = Release|Any CPU
		{286BF374-4C1D-45B1-A9A7-E14B801C8505}.Debug|Any CPU.ActiveCfg = Debug|Any CPU
		{286BF374-4C1D-45B1-A9A7-E14B801C8505}.Debug|Any CPU.Build.0 = Debug|Any CPU
		{286BF374-4C1D-45B1-A9A7-E14B801C8505}.Release|Any CPU.ActiveCfg = Release|Any CPU
		{286BF374-4C1D-45B1-A9A7-E14B801C8505}.Release|Any CPU.Build.0 = Release|Any CPU
		{DCF1152B-85B8-4C37-9F97-92EDB2738098}.Debug|Any CPU.ActiveCfg = Debug|Any CPU
		{DCF1152B-85B8-4C37-9F97-92EDB2738098}.Debug|Any CPU.Build.0 = Debug|Any CPU
		{DCF1152B-85B8-4C37-9F97-92EDB2738098}.Release|Any CPU.ActiveCfg = Release|Any CPU
		{DCF1152B-85B8-4C37-9F97-92EDB2738098}.Release|Any CPU.Build.0 = Release|Any CPU
	EndGlobalSection
	GlobalSection(SolutionProperties) = preSolution
		HideSolutionNode = FALSE
	EndGlobalSection
	GlobalSection(NestedProjects) = preSolution
		{EDA8047A-1E55-4117-AC1F-96A09E856FA0} = {94C3B115-3B2A-467B-ADE4-1B8EBD4129C7}
		{6390B2AD-30EB-4CA6-B3D3-520613D4B1D0} = {94C3B115-3B2A-467B-ADE4-1B8EBD4129C7}
		{41BCF40C-51A9-4FD3-89E4-2EA9C8C35D76} = {E53CEFA4-9697-40C5-8E48-13C93431D9D2}
		{7D1B4E2E-9214-42AB-B196-AAA30CA2A5E8} = {E53CEFA4-9697-40C5-8E48-13C93431D9D2}
		{60D657FE-62D8-4554-B2E9-CB952FFF71CA} = {2E4F7BCB-FA0B-477C-96D8-07758146460B}
		{A1D66E75-E113-4E9A-8EBD-388B01CF7422} = {2E4F7BCB-FA0B-477C-96D8-07758146460B}
		{86B0578E-A8E0-483A-86B1-311E015CCE52} = {41BCF40C-51A9-4FD3-89E4-2EA9C8C35D76}
		{9A4C62ED-2E5B-45E8-9E06-13DE7626FCC0} = {41BCF40C-51A9-4FD3-89E4-2EA9C8C35D76}
		{286BF374-4C1D-45B1-A9A7-E14B801C8505} = {7D1B4E2E-9214-42AB-B196-AAA30CA2A5E8}
		{DCF1152B-85B8-4C37-9F97-92EDB2738098} = {7F01A1F2-9D83-43A7-BCB0-49BAD4C1B409}
	EndGlobalSection
EndGlobal
